# This file is autogenerated, do not edit; changes may be undone by the next 'dep ensure'.


[[projects]]
  name = "github.com/go-redis/redis"
  packages = [
    ".",
    "internal",
    "internal/consistenthash",
    "internal/hashtag",
    "internal/pool",
    "internal/proto"
  ]
  revision = "8b4fa6d443e35ca8b1c37be877285252430b06a3"
  version = "v6.8.3"

[[projects]]
  name = "github.com/gorilla/context"
  packages = ["."]
  revision = "1ea25387ff6f684839d82767c1733ff4d4d15d0a"
  version = "v1.1"

[[projects]]
  name = "github.com/gorilla/handlers"
  packages = ["."]
  revision = "90663712d74cb411cbef281bc1e08c19d1a76145"
  version = "v1.3.0"

[[projects]]
  name = "github.com/gorilla/mux"
  packages = ["."]
  revision = "53c1911da2b537f792e7cafcb446b05ffe33b996"
  version = "v1.6.1"

[[projects]]
  branch = "master"
  name = "github.com/lib/pq"
  packages = [
    ".",
    "oid"
  ]
  revision = "88edab0803230a3898347e77b474f8c1820a1f20"

[solve-meta]
  analyzer-name = "dep"
  analyzer-version = 1
  inputs-digest = "6dc2c01d148f38abbd29a2a3a2cd7e69e8928f56480fea714424f4e4439477da"
  solver-name = "gps-cdcl"
  solver-version = 1
